
Microsoft Visual Studio Solution File, Format Version 12.00
# Visual Studio Version 17
VisualStudioVersion = 17.12.35707.178 d17.12
MinimumVisualStudioVersion = 10.0.40219.1
Project("{FAE04EC0-301F-11D3-BF4B-00C04F79EFBC}") = "MySocial.WebAPI", "MySocial.WebAPI\MySocial.WebAPI.csproj", "{A9332DA2-D465-45E3-8D6E-CA92E02EDF67}"
EndProject
Project("{FAE04EC0-301F-11D3-BF4B-00C04F79EFBC}") = "MySocial.Domain", "MySocial.Domain\MySocial.Domain.csproj", "{1DC3F336-77B9-4EB1-85BA-A0EA0A86CA4B}"
EndProject
Project("{FAE04EC0-301F-11D3-BF4B-00C04F79EFBC}") = "MySocial.Application", "MySocial.Application\MySocial.Application.csproj", "{E6A29A13-A14F-4370-95A3-117975A5C2CD}"
EndProject
Project("{FAE04EC0-301F-11D3-BF4B-00C04F79EFBC}") = "MySocial.Infrastructure", "MySocial.Infrastructure\MySocial.Infrastructure.csproj", "{AC2FC1F2-6E2F-4D81-8BD8-7A90091F1319}"
EndProject
Global
	GlobalSection(SolutionConfigurationPlatforms) = preSolution
		Debug|Any CPU = Debug|Any CPU
		Release|Any CPU = Release|Any CPU
	EndGlobalSection
	GlobalSection(ProjectConfigurationPlatforms) = postSolution
		{A9332DA2-D465-45E3-8D6E-CA92E02EDF67}.Debug|Any CPU.ActiveCfg = Debug|Any CPU
		{A9332DA2-D465-45E3-8D6E-CA92E02EDF67}.Debug|Any CPU.Build.0 = Debug|Any CPU
		{A9332DA2-D465-45E3-8D6E-CA92E02EDF67}.Release|Any CPU.ActiveCfg = Release|Any CPU
		{A9332DA2-D465-45E3-8D6E-CA92E02EDF67}.Release|Any CPU.Build.0 = Release|Any CPU
		{1DC3F336-77B9-4EB1-85BA-A0EA0A86CA4B}.Debug|Any CPU.ActiveCfg = Debug|Any CPU
		{1DC3F336-77B9-4EB1-85BA-A0EA0A86CA4B}.Debug|Any CPU.Build.0 = Debug|Any CPU
		{1DC3F336-77B9-4EB1-85BA-A0EA0A86CA4B}.Release|Any CPU.ActiveCfg = Release|Any CPU
		{1DC3F336-77B9-4EB1-85BA-A0EA0A86CA4B}.Release|Any CPU.Build.0 = Release|Any CPU
		{E6A29A13-A14F-4370-95A3-117975A5C2CD}.Debug|Any CPU.ActiveCfg = Debug|Any CPU
		{E6A29A13-A14F-4370-95A3-117975A5C2CD}.Debug|Any CPU.Build.0 = Debug|Any CPU
		{E6A29A13-A14F-4370-95A3-117975A5C2CD}.Release|Any CPU.ActiveCfg = Release|Any CPU
		{E6A29A13-A14F-4370-95A3-117975A5C2CD}.Release|Any CPU.Build.0 = Release|Any CPU
		{AC2FC1F2-6E2F-4D81-8BD8-7A90091F1319}.Debug|Any CPU.ActiveCfg = Debug|Any CPU
		{AC2FC1F2-6E2F-4D81-8BD8-7A90091F1319}.Debug|Any CPU.Build.0 = Debug|Any CPU
		{AC2FC1F2-6E2F-4D81-8BD8-7A90091F1319}.Release|Any CPU.ActiveCfg = Release|Any CPU
		{AC2FC1F2-6E2F-4D81-8BD8-7A90091F1319}.Release|Any CPU.Build.0 = Release|Any CPU
	EndGlobalSection
	GlobalSection(SolutionProperties) = preSolution
		HideSolutionNode = FALSE
	EndGlobalSection
EndGlobal
